
Microsoft Visual Studio Solution File, Format Version 12.00
# Visual Studio Version 17
VisualStudioVersion = 17.3.32922.545
MinimumVisualStudioVersion = 10.0.40219.1
Project("{FAE04EC0-301F-11D3-BF4B-00C04F79EFBC}") = "SupportAPI", "SupportAPI.csproj", "{49A9D277-0069-47F1-9BFA-A8848EF5648C}"
EndProject
Global
	GlobalSection(SolutionConfigurationPlatforms) = preSolution
		Debug|Any CPU = Debug|Any CPU
		Release|Any CPU = Release|Any CPU
	EndGlobalSection
	GlobalSection(ProjectConfigurationPlatforms) = postSolution
		{49A9D277-0069-47F1-9BFA-A8848EF5648C}.Debug|Any CPU.ActiveCfg = Debug|Any CPU
		{49A9D277-0069-47F1-9BFA-A8848EF5648C}.Debug|Any CPU.Build.0 = Debug|Any CPU
		{49A9D277-0069-47F1-9BFA-A8848EF5648C}.Release|Any CPU.ActiveCfg = Release|Any CPU
		{49A9D277-0069-47F1-9BFA-A8848EF5648C}.Release|Any CPU.Build.0 = Release|Any CPU
	EndGlobalSection
	GlobalSection(SolutionProperties) = preSolution
		HideSolutionNode = FALSE
	EndGlobalSection
	GlobalSection(ExtensibilityGlobals) = postSolution
		SolutionGuid = {E2CF209C-365C-4E43-989D-E84C0AA8E9E6}
	EndGlobalSection
EndGlobal
